
Microsoft Visual Studio Solution File, Format Version 12.00
# Visual Studio Version 16
VisualStudioVersion = 16.0.29215.179
MinimumVisualStudioVersion = 10.0.40219.1
Project("{FAE04EC0-301F-11D3-BF4B-00C04F79EFBC}") = "exercicio01-Classe", "exercicio01-Classe\exercicio01-Classe.csproj", "{9AA1D4CD-A7F4-42D9-B66C-9308CC05D8B2}"
EndProject
Global
	GlobalSection(SolutionConfigurationPlatforms) = preSolution
		Debug|Any CPU = Debug|Any CPU
		Release|Any CPU = Release|Any CPU
	EndGlobalSection
	GlobalSection(ProjectConfigurationPlatforms) = postSolution
		{9AA1D4CD-A7F4-42D9-B66C-9308CC05D8B2}.Debug|Any CPU.ActiveCfg = Debug|Any CPU
		{9AA1D4CD-A7F4-42D9-B66C-9308CC05D8B2}.Debug|Any CPU.Build.0 = Debug|Any CPU
		{9AA1D4CD-A7F4-42D9-B66C-9308CC05D8B2}.Release|Any CPU.ActiveCfg = Release|Any CPU
		{9AA1D4CD-A7F4-42D9-B66C-9308CC05D8B2}.Release|Any CPU.Build.0 = Release|Any CPU
	EndGlobalSection
	GlobalSection(SolutionProperties) = preSolution
		HideSolutionNode = FALSE
	EndGlobalSection
	GlobalSection(ExtensibilityGlobals) = postSolution
		SolutionGuid = {10728ED5-14BB-4A35-A79A-18802685471D}
	EndGlobalSection
EndGlobal
